// !$*UTF8*$!
{
	archiveVersion = 1;
	classes = {
	};
	objectVersion = 50;
	objects = {

/* Begin PBXBuildFile section */
		39DB7CBB265AA19B00704876 /* AppDelegate.swift in Sources */ = {isa = PBXBuildFile; fileRef = 39DB7CBA265AA19B00704876 /* AppDelegate.swift */; };
		39DB7CBD265AA19B00704876 /* SceneDelegate.swift in Sources */ = {isa = PBXBuildFile; fileRef = 39DB7CBC265AA19B00704876 /* SceneDelegate.swift */; };
		39DB7CBF265AA19B00704876 /* MemeEditorViewController.swift in Sources */ = {isa = PBXBuildFile; fileRef = 39DB7CBE265AA19B00704876 /* MemeEditorViewController.swift */; };
		39DB7CC2265AA19B00704876 /* Main.storyboard in Resources */ = {isa = PBXBuildFile; fileRef = 39DB7CC0265AA19B00704876 /* Main.storyboard */; };
		39DB7CC4265AA19F00704876 /* Assets.xcassets in Resources */ = {isa = PBXBuildFile; fileRef = 39DB7CC3265AA19F00704876 /* Assets.xcassets */; };
		39DB7CC7265AA19F00704876 /* LaunchScreen.storyboard in Resources */ = {isa = PBXBuildFile; fileRef = 39DB7CC5265AA19F00704876 /* LaunchScreen.storyboard */; };
		39DB7CD0265BC7BF00704876 /* Extension.swift in Sources */ = {isa = PBXBuildFile; fileRef = 39DB7CCF265BC7BD00704876 /* Extension.swift */; };
		39DB7CD7265C55F100704876 /* Meme.swift in Sources */ = {isa = PBXBuildFile; fileRef = 39DB7CD6265C55F100704876 /* Meme.swift */; };
		39DB7CDF265D309000704876 /* MemeCollectionCollectionViewController.swift in Sources */ = {isa = PBXBuildFile; fileRef = 39DB7CDE265D308F00704876 /* MemeCollectionCollectionViewController.swift */; };
		39DB7CE2265D31D700704876 /* MemeTableViewController.swift in Sources */ = {isa = PBXBuildFile; fileRef = 39DB7CE1265D31D700704876 /* MemeTableViewController.swift */; };
		39DB7CEB265D428500704876 /* MemeCollectionViewCell.swift in Sources */ = {isa = PBXBuildFile; fileRef = 39DB7CEA265D428500704876 /* MemeCollectionViewCell.swift */; };
		39DB7CF2265D4A7C00704876 /* MemeTableViewCell.swift in Sources */ = {isa = PBXBuildFile; fileRef = 39DB7CF1265D4A7C00704876 /* MemeTableViewCell.swift */; };
		39DB7CFC265D4E8E00704876 /* MemeDetailViewController.swift in Sources */ = {isa = PBXBuildFile; fileRef = 39DB7CFB265D4E8E00704876 /* MemeDetailViewController.swift */; };
/* End PBXBuildFile section */

/* Begin PBXFileReference section */
		39DB7CB7265AA19B00704876 /* MemeMe 2.0.app */ = {isa = PBXFileReference; explicitFileType = wrapper.application; includeInIndex = 0; path = "MemeMe 2.0.app"; sourceTree = BUILT_PRODUCTS_DIR; };
		39DB7CBA265AA19B00704876 /* AppDelegate.swift */ = {isa = PBXFileReference; lastKnownFileType = sourcecode.swift; path = AppDelegate.swift; sourceTree = "<group>"; };
		39DB7CBC265AA19B00704876 /* SceneDelegate.swift */ = {isa = PBXFileReference; lastKnownFileType = sourcecode.swift; path = SceneDelegate.swift; sourceTree = "<group>"; };
		39DB7CBE265AA19B00704876 /* MemeEditorViewController.swift */ = {isa = PBXFileReference; lastKnownFileType = sourcecode.swift; path = MemeEditorViewController.swift; sourceTree = "<group>"; };
		39DB7CC1265AA19B00704876 /* Base */ = {isa = PBXFileReference; lastKnownFileType = file.storyboard; name = Base; path = Base.lproj/Main.storyboard; sourceTree = "<group>"; };
		39DB7CC3265AA19F00704876 /* Assets.xcassets */ = {isa = PBXFileReference; lastKnownFileType = folder.assetcatalog; path = Assets.xcassets; sourceTree = "<group>"; };
		39DB7CC6265AA19F00704876 /* Base */ = {isa = PBXFileReference; lastKnownFileType = file.storyboard; name = Base; path = Base.lproj/LaunchScreen.storyboard; sourceTree = "<group>"; };
		39DB7CC8265AA19F00704876 /* Info.plist */ = {isa = PBXFileReference; lastKnownFileType = text.plist.xml; path = Info.plist; sourceTree = "<group>"; };
		39DB7CCF265BC7BD00704876 /* Extension.swift */ = {isa = PBXFileReference; lastKnownFileType = sourcecode.swift; path = Extension.swift; sourceTree = "<group>"; };
		39DB7CD6265C55F100704876 /* Meme.swift */ = {isa = PBXFileReference; lastKnownFileType = sourcecode.swift; path = Meme.swift; sourceTree = "<group>"; };
		39DB7CDE265D308F00704876 /* MemeCollectionCollectionViewController.swift */ = {isa = PBXFileReference; lastKnownFileType = sourcecode.swift; path = MemeCollectionCollectionViewController.swift; sourceTree = "<group>"; };
		39DB7CE1265D31D700704876 /* MemeTableViewController.swift */ = {isa = PBXFileReference; lastKnownFileType = sourcecode.swift; path = MemeTableViewController.swift; sourceTree = "<group>"; };
		39DB7CEA265D428500704876 /* MemeCollectionViewCell.swift */ = {isa = PBXFileReference; lastKnownFileType = sourcecode.swift; path = MemeCollectionViewCell.swift; sourceTree = "<group>"; };
		39DB7CF1265D4A7C00704876 /* MemeTableViewCell.swift */ = {isa = PBXFileReference; lastKnownFileType = sourcecode.swift; path = MemeTableViewCell.swift; sourceTree = "<group>"; };
		39DB7CFB265D4E8E00704876 /* MemeDetailViewController.swift */ = {isa = PBXFileReference; lastKnownFileType = sourcecode.swift; path = MemeDetailViewController.swift; sourceTree = "<group>"; };
/* End PBXFileReference section */

/* Begin PBXFrameworksBuildPhase section */
		39DB7CB4265AA19B00704876 /* Frameworks */ = {
			isa = PBXFrameworksBuildPhase;
			buildActionMask = 2147483647;
			files = (
			);
			runOnlyForDeploymentPostprocessing = 0;
		};
/* End PBXFrameworksBuildPhase section */

/* Begin PBXGroup section */
		39DB7CAE265AA19A00704876 = {
			isa = PBXGroup;
			children = (
				39DB7CB9265AA19B00704876 /* MemeMe 2.0 */,
				39DB7CB8265AA19B00704876 /* Products */,
			);
			sourceTree = "<group>";
		};
		39DB7CB8265AA19B00704876 /* Products */ = {
			isa = PBXGroup;
			children = (
				39DB7CB7265AA19B00704876 /* MemeMe 2.0.app */,
			);
			name = Products;
			sourceTree = "<group>";
		};
		39DB7CB9265AA19B00704876 /* MemeMe 2.0 */ = {
			isa = PBXGroup;
			children = (
				39DB7CBA265AA19B00704876 /* AppDelegate.swift */,
				39DB7CBC265AA19B00704876 /* SceneDelegate.swift */,
				39DB7CCF265BC7BD00704876 /* Extension.swift */,
				39DB7CEA265D428500704876 /* MemeCollectionViewCell.swift */,
				39DB7CF1265D4A7C00704876 /* MemeTableViewCell.swift */,
				39DB7CFB265D4E8E00704876 /* MemeDetailViewController.swift */,
				39DB7CBE265AA19B00704876 /* MemeEditorViewController.swift */,
				39DB7CDE265D308F00704876 /* MemeCollectionCollectionViewController.swift */,
				39DB7CE1265D31D700704876 /* MemeTableViewController.swift */,
				39DB7CF4265D4D6100704876 /* Model */,
				39DB7CF5265D4D7400704876 /* View */,
				39DB7CF6265D4D8E00704876 /* Controllers */,
				39DB7CC3265AA19F00704876 /* Assets.xcassets */,
				39DB7CC8265AA19F00704876 /* Info.plist */,
			);
			path = "MemeMe 2.0";
			sourceTree = "<group>";
		};
		39DB7CF4265D4D6100704876 /* Model */ = {
			isa = PBXGroup;
			children = (
				39DB7CD6265C55F100704876 /* Meme.swift */,
			);
			path = Model;
			sourceTree = "<group>";
		};
		39DB7CF5265D4D7400704876 /* View */ = {
			isa = PBXGroup;
			children = (
				39DB7CC0265AA19B00704876 /* Main.storyboard */,
				39DB7CC5265AA19F00704876 /* LaunchScreen.storyboard */,
			);
			path = View;
			sourceTree = "<group>";
		};
		39DB7CF6265D4D8E00704876 /* Controllers */ = {
			isa = PBXGroup;
			children = (
			);
			path = Controllers;
			sourceTree = "<group>";
		};
/* End PBXGroup section */

/* Begin PBXNativeTarget section */
		39DB7CB6265AA19B00704876 /* MemeMe 2.0 */ = {
			isa = PBXNativeTarget;
			buildConfigurationList = 39DB7CCB265AA19F00704876 /* Build configuration list for PBXNativeTarget "MemeMe 2.0" */;
			buildPhases = (
				39DB7CB3265AA19B00704876 /* Sources */,
				39DB7CB4265AA19B00704876 /* Frameworks */,
				39DB7CB5265AA19B00704876 /* Resources */,
			);
			buildRules = (
			);
			dependencies = (
			);
			name = "MemeMe 2.0";
			productName = "MemeMe 1.0";
			productReference = 39DB7CB7265AA19B00704876 /* MemeMe 2.0.app */;
			productType = "com.apple.product-type.application";
		};
/* End PBXNativeTarget section */

/* Begin PBXProject section */
		39DB7CAF265AA19A00704876 /* Project object */ = {
			isa = PBXProject;
			attributes = {
				LastSwiftUpdateCheck = 1240;
				LastUpgradeCheck = 1240;
				TargetAttributes = {
					39DB7CB6265AA19B00704876 = {
						CreatedOnToolsVersion = 12.4;
					};
				};
			};
			buildConfigurationList = 39DB7CB2265AA19A00704876 /* Build configuration list for PBXProject "MemeMe 2.0" */;
			compatibilityVersion = "Xcode 9.3";
			developmentRegion = en;
			hasScannedForEncodings = 0;
			knownRegions = (
				en,
				Base,
			);
			mainGroup = 39DB7CAE265AA19A00704876;
			productRefGroup = 39DB7CB8265AA19B00704876 /* Products */;
			projectDirPath = "";
			projectRoot = "";
			targets = (
				39DB7CB6265AA19B00704876 /* MemeMe 2.0 */,
			);
		};
/* End PBXProject section */

/* Begin PBXResourcesBuildPhase section */
		39DB7CB5265AA19B00704876 /* Resources */ = {
			isa = PBXResourcesBuildPhase;
			buildActionMask = 2147483647;
			files = (
				39DB7CC7265AA19F00704876 /* LaunchScreen.storyboard in Resources */,
				39DB7CC4265AA19F00704876 /* Assets.xcassets in Resources */,
				39DB7CC2265AA19B00704876 /* Main.storyboard in Resources */,
			);
			runOnlyForDeploymentPostprocessing = 0;
		};
/* End PBXResourcesBuildPhase section */

/* Begin PBXSourcesBuildPhase section */
		39DB7CB3265AA19B00704876 /* Sources */ = {
			isa = PBXSourcesBuildPhase;
			buildActionMask = 2147483647;
			files = (
				39DB7CBF265AA19B00704876 /* MemeEditorViewController.swift in Sources */,
				39DB7CE2265D31D700704876 /* MemeTableViewController.swift in Sources */,
				39DB7CEB265D428500704876 /* MemeCollectionViewCell.swift in Sources */,
				39DB7CBB265AA19B00704876 /* AppDelegate.swift in Sources */,
				39DB7CDF265D309000704876 /* MemeCollectionCollectionViewController.swift in Sources */,
				39DB7CBD265AA19B00704876 /* SceneDelegate.swift in Sources */,
				39DB7CF2265D4A7C00704876 /* MemeTableViewCell.swift in Sources */,
				39DB7CD0265BC7BF00704876 /* Extension.swift in Sources */,
				39DB7CD7265C55F100704876 /* Meme.swift in Sources */,
				39DB7CFC265D4E8E00704876 /* MemeDetailViewController.swift in Sources */,
			);
			runOnlyForDeploymentPostprocessing = 0;
		};
/* End PBXSourcesBuildPhase section */

/* Begin PBXVariantGroup section */
		39DB7CC0265AA19B00704876 /* Main.storyboard */ = {
			isa = PBXVariantGroup;
			children = (
				39DB7CC1265AA19B00704876 /* Base */,
			);
			name = Main.storyboard;
			sourceTree = "<group>";
		};
		39DB7CC5265AA19F00704876 /* LaunchScreen.storyboard */ = {
			isa = PBXVariantGroup;
			children = (
				39DB7CC6265AA19F00704876 /* Base */,
			);
			name = LaunchScreen.storyboard;
			sourceTree = "<group>";
		};
/* End PBXVariantGroup section */

/* Begin XCBuildConfiguration section */
		39DB7CC9265AA19F00704876 /* Debug */ = {
			isa = XCBuildConfiguration;
			buildSettings = {
				ALWAYS_SEARCH_USER_PATHS = NO;
				CLANG_ANALYZER_NONNULL = YES;
				CLANG_ANALYZER_NUMBER_OBJECT_CONVERSION = YES_AGGRESSIVE;
				CLANG_CXX_LANGUAGE_STANDARD = "gnu++14";
				CLANG_CXX_LIBRARY = "libc++";
				CLANG_ENABLE_MODULES = YES;
				CLANG_ENABLE_OBJC_ARC = YES;
				CLANG_ENABLE_OBJC_WEAK = YES;
				CLANG_WARN_BLOCK_CAPTURE_AUTORELEASING = YES;
				CLANG_WARN_BOOL_CONVERSION = YES;
				CLANG_WARN_COMMA = YES;
				CLANG_WARN_CONSTANT_CONVERSION = YES;
				CLANG_WARN_DEPRECATED_OBJC_IMPLEMENTATIONS = YES;
				CLANG_WARN_DIRECT_OBJC_ISA_USAGE = YES_ERROR;
				CLANG_WARN_DOCUMENTATION_COMMENTS = YES;
				CLANG_WARN_EMPTY_BODY = YES;
				CLANG_WARN_ENUM_CONVERSION = YES;
				CLANG_WARN_INFINITE_RECURSION = YES;
				CLANG_WARN_INT_CONVERSION = YES;
				CLANG_WARN_NON_LITERAL_NULL_CONVERSION = YES;
				CLANG_WARN_OBJC_IMPLICIT_RETAIN_SELF = YES;
				CLANG_WARN_OBJC_LITERAL_CONVERSION = YES;
				CLANG_WARN_OBJC_ROOT_CLASS = YES_ERROR;
				CLANG_WARN_QUOTED_INCLUDE_IN_FRAMEWORK_HEADER = YES;
				CLANG_WARN_RANGE_LOOP_ANALYSIS = YES;
				CLANG_WARN_STRICT_PROTOTYPES = YES;
				CLANG_WARN_SUSPICIOUS_MOVE = YES;
				CLANG_WARN_UNGUARDED_AVAILABILITY = YES_AGGRESSIVE;
				CLANG_WARN_UNREACHABLE_CODE = YES;
				CLANG_WARN__DUPLICATE_METHOD_MATCH = YES;
				COPY_PHASE_STRIP = NO;
				DEBUG_INFORMATION_FORMAT = dwarf;
				ENABLE_STRICT_OBJC_MSGSEND = YES;
				ENABLE_TESTABILITY = YES;
				GCC_C_LANGUAGE_STANDARD = gnu11;
				GCC_DYNAMIC_NO_PIC = NO;
				GCC_NO_COMMON_BLOCKS = YES;
				GCC_OPTIMIZATION_LEVEL = 0;
				GCC_PREPROCESSOR_DEFINITIONS = (
					"DEBUG=1",
					"$(inherited)",
				);
				GCC_WARN_64_TO_32_BIT_CONVERSION = YES;
				GCC_WARN_ABOUT_RETURN_TYPE = YES_ERROR;
				GCC_WARN_UNDECLARED_SELECTOR = YES;
				GCC_WARN_UNINITIALIZED_AUTOS = YES_AGGRESSIVE;
				GCC_WARN_UNUSED_FUNCTION = YES;
				GCC_WARN_UNUSED_VARIABLE = YES;
				IPHONEOS_DEPLOYMENT_TARGET = 14.4;
				MTL_ENABLE_DEBUG_INFO = INCLUDE_SOURCE;
				MTL_FAST_MATH = YES;
				ONLY_ACTIVE_ARCH = YES;
				SDKROOT = iphoneos;
				SWIFT_ACTIVE_COMPILATION_CONDITIONS = DEBUG;
				SWIFT_OPTIMIZATION_LEVEL = "-Onone";
			};
			name = Debug;
		};
		39DB7CCA265AA19F00704876 /* Release */ = {
			isa = XCBuildConfiguration;
			buildSettings = {
				ALWAYS_SEARCH_USER_PATHS = NO;
				CLANG_ANALYZER_NONNULL = YES;
				CLANG_ANALYZER_NUMBER_OBJECT_CONVERSION = YES_AGGRESSIVE;
				CLANG_CXX_LANGUAGE_STANDARD = "gnu++14";
				CLANG_CXX_LIBRARY = "libc++";
				CLANG_ENABLE_MODULES = YES;
				CLANG_ENABLE_OBJC_ARC = YES;
				CLANG_ENABLE_OBJC_WEAK = YES;
				CLANG_WARN_BLOCK_CAPTURE_AUTORELEASING = YES;
				CLANG_WARN_BOOL_CONVERSION = YES;
				CLANG_WARN_COMMA = YES;
				CLANG_WARN_CONSTANT_CONVERSION = YES;
				CLANG_WARN_DEPRECATED_OBJC_IMPLEMENTATIONS = YES;
				CLANG_WARN_DIRECT_OBJC_ISA_USAGE = YES_ERROR;
				CLANG_WARN_DOCUMENTATION_COMMENTS = YES;
				CLANG_WARN_EMPTY_BODY = YES;
				CLANG_WARN_ENUM_CONVERSION = YES;
				CLANG_WARN_INFINITE_RECURSION = YES;
				CLANG_WARN_INT_CONVERSION = YES;
				CLANG_WARN_NON_LITERAL_NULL_CONVERSION = YES;
				CLANG_WARN_OBJC_IMPLICIT_RETAIN_SELF = YES;
				CLANG_WARN_OBJC_LITERAL_CONVERSION = YES;
				CLANG_WARN_OBJC_ROOT_CLASS = YES_ERROR;
				CLANG_WARN_QUOTED_INCLUDE_IN_FRAMEWORK_HEADER = YES;
				CLANG_WARN_RANGE_LOOP_ANALYSIS = YES;
				CLANG_WARN_STRICT_PROTOTYPES = YES;
				CLANG_WARN_SUSPICIOUS_MOVE = YES;
				CLANG_WARN_UNGUARDED_AVAILABILITY = YES_AGGRESSIVE;
				CLANG_WARN_UNREACHABLE_CODE = YES;
				CLANG_WARN__DUPLICATE_METHOD_MATCH = YES;
				COPY_PHASE_STRIP = NO;
				DEBUG_INFORMATION_FORMAT = "dwarf-with-dsym";
				ENABLE_NS_ASSERTIONS = NO;
				ENABLE_STRICT_OBJC_MSGSEND = YES;
				GCC_C_LANGUAGE_STANDARD = gnu11;
				GCC_NO_COMMON_BLOCKS = YES;
				GCC_WARN_64_TO_32_BIT_CONVERSION = YES;
				GCC_WARN_ABOUT_RETURN_TYPE = YES_ERROR;
				GCC_WARN_UNDECLARED_SELECTOR = YES;
				GCC_WARN_UNINITIALIZED_AUTOS = YES_AGGRESSIVE;
				GCC_WARN_UNUSED_FUNCTION = YES;
				GCC_WARN_UNUSED_VARIABLE = YES;
				IPHONEOS_DEPLOYMENT_TARGET = 14.4;
				MTL_ENABLE_DEBUG_INFO = NO;
				MTL_FAST_MATH = YES;
				SDKROOT = iphoneos;
				SWIFT_COMPILATION_MODE = wholemodule;
				SWIFT_OPTIMIZATION_LEVEL = "-O";
				VALIDATE_PRODUCT = YES;
			};
			name = Release;
		};
		39DB7CCC265AA19F00704876 /* Debug */ = {
			isa = XCBuildConfiguration;
			buildSettings = {
				ASSETCATALOG_COMPILER_APPICON_NAME = AppIcon;
				ASSETCATALOG_COMPILER_GLOBAL_ACCENT_COLOR_NAME = AccentColor;
				CODE_SIGN_STYLE = Automatic;
				DEVELOPMENT_TEAM = YT8W4236GW;
				INFOPLIST_FILE = "MemeMe 2.0/Info.plist";
				LD_RUNPATH_SEARCH_PATHS = (
					"$(inherited)",
					"@executable_path/Frameworks",
				);
				PRODUCT_BUNDLE_IDENTIFIER = "com.maramkhusheim.MemeMe-2-0";
				PRODUCT_NAME = "$(TARGET_NAME)";
				SWIFT_VERSION = 5.0;
				TARGETED_DEVICE_FAMILY = "1,2";
			};
			name = Debug;
		};
		39DB7CCD265AA19F00704876 /* Release */ = {
			isa = XCBuildConfiguration;
			buildSettings = {
				ASSETCATALOG_COMPILER_APPICON_NAME = AppIcon;
				ASSETCATALOG_COMPILER_GLOBAL_ACCENT_COLOR_NAME = AccentColor;
				CODE_SIGN_STYLE = Automatic;
				DEVELOPMENT_TEAM = YT8W4236GW;
				INFOPLIST_FILE = "MemeMe 2.0/Info.plist";
				LD_RUNPATH_SEARCH_PATHS = (
					"$(inherited)",
					"@executable_path/Frameworks",
				);
				PRODUCT_BUNDLE_IDENTIFIER = "com.maramkhusheim.MemeMe-2-0";
				PRODUCT_NAME = "$(TARGET_NAME)";
				SWIFT_VERSION = 5.0;
				TARGETED_DEVICE_FAMILY = "1,2";
			};
			name = Release;
		};
/* End XCBuildConfiguration section */

/* Begin XCConfigurationList section */
		39DB7CB2265AA19A00704876 /* Build configuration list for PBXProject "MemeMe 2.0" */ = {
			isa = XCConfigurationList;
			buildConfigurations = (
				39DB7CC9265AA19F00704876 /* Debug */,
				39DB7CCA265AA19F00704876 /* Release */,
			);
			defaultConfigurationIsVisible = 0;
			defaultConfigurationName = Release;
		};
		39DB7CCB265AA19F00704876 /* Build configuration list for PBXNativeTarget "MemeMe 2.0" */ = {
			isa = XCConfigurationList;
			buildConfigurations = (
				39DB7CCC265AA19F00704876 /* Debug */,
				39DB7CCD265AA19F00704876 /* Release */,
			);
			defaultConfigurationIsVisible = 0;
			defaultConfigurationName = Release;
		};
/* End XCConfigurationList section */
	};
	rootObject = 39DB7CAF265AA19A00704876 /* Project object */;
}
